
Microsoft Visual Studio Solution File, Format Version 12.00
# Visual Studio Version 17
VisualStudioVersion = 17.0.31903.59
MinimumVisualStudioVersion = 10.0.40219.1
Project("{FAE04EC0-301F-11D3-BF4B-00C04F79EFBC}") = "DemoPasskeys", "DemoPasskeys\DemoPasskeys.csproj", "{D5AE31CA-EDF6-4F06-93A2-D9DD1C3EE293}"
EndProject
Project("{FAE04EC0-301F-11D3-BF4B-00C04F79EFBC}") = "DemoPasskeys.Tests", "DemoPasskeys.Tests\DemoPasskeys.Tests.csproj", "{C2ECBFAA-CADE-402A-8BE7-D25FC796F0B4}"
EndProject
Global
	GlobalSection(SolutionConfigurationPlatforms) = preSolution
		Debug|Any CPU = Debug|Any CPU
		Release|Any CPU = Release|Any CPU
	EndGlobalSection
	GlobalSection(SolutionProperties) = preSolution
		HideSolutionNode = FALSE
	EndGlobalSection
	GlobalSection(ProjectConfigurationPlatforms) = postSolution
		{D5AE31CA-EDF6-4F06-93A2-D9DD1C3EE293}.Debug|Any CPU.ActiveCfg = Debug|Any CPU
		{D5AE31CA-EDF6-4F06-93A2-D9DD1C3EE293}.Debug|Any CPU.Build.0 = Debug|Any CPU
		{D5AE31CA-EDF6-4F06-93A2-D9DD1C3EE293}.Release|Any CPU.ActiveCfg = Release|Any CPU
		{D5AE31CA-EDF6-4F06-93A2-D9DD1C3EE293}.Release|Any CPU.Build.0 = Release|Any CPU
		{C2ECBFAA-CADE-402A-8BE7-D25FC796F0B4}.Debug|Any CPU.ActiveCfg = Debug|Any CPU
		{C2ECBFAA-CADE-402A-8BE7-D25FC796F0B4}.Debug|Any CPU.Build.0 = Debug|Any CPU
		{C2ECBFAA-CADE-402A-8BE7-D25FC796F0B4}.Release|Any CPU.ActiveCfg = Release|Any CPU
		{C2ECBFAA-CADE-402A-8BE7-D25FC796F0B4}.Release|Any CPU.Build.0 = Release|Any CPU
	EndGlobalSection
EndGlobal
